// !$*UTF8*$!
{
	archiveVersion = 1;
	classes = {
	};
	objectVersion = 46;
	objects = {

/* Begin PBXBuildFile section */
		FE7DA9781BE73C3700D7742B /* AppDelegate.swift in Sources */ = {isa = PBXBuildFile; fileRef = FE7DA9771BE73C3700D7742B /* AppDelegate.swift */; };
		FE7DA97A1BE73C3700D7742B /* ViewController.swift in Sources */ = {isa = PBXBuildFile; fileRef = FE7DA9791BE73C3700D7742B /* ViewController.swift */; };
		FE7DA97D1BE73C3700D7742B /* Main.storyboard in Resources */ = {isa = PBXBuildFile; fileRef = FE7DA97B1BE73C3700D7742B /* Main.storyboard */; };
		FE7DA97F1BE73C3700D7742B /* Assets.xcassets in Resources */ = {isa = PBXBuildFile; fileRef = FE7DA97E1BE73C3700D7742B /* Assets.xcassets */; };
		FE7DA9821BE73C3700D7742B /* LaunchScreen.storyboard in Resources */ = {isa = PBXBuildFile; fileRef = FE7DA9801BE73C3700D7742B /* LaunchScreen.storyboard */; };
		FE7DA98D1BE73C3700D7742B /* moveTests.swift in Sources */ = {isa = PBXBuildFile; fileRef = FE7DA98C1BE73C3700D7742B /* moveTests.swift */; };
		FE7DA9981BE73C3700D7742B /* moveUITests.swift in Sources */ = {isa = PBXBuildFile; fileRef = FE7DA9971BE73C3700D7742B /* moveUITests.swift */; };
/* End PBXBuildFile section */

/* Begin PBXContainerItemProxy section */
		FE7DA9891BE73C3700D7742B /* PBXContainerItemProxy */ = {
			isa = PBXContainerItemProxy;
			containerPortal = FE7DA96C1BE73C3700D7742B /* Project object */;
			proxyType = 1;
			remoteGlobalIDString = FE7DA9731BE73C3700D7742B;
			remoteInfo = move;
		};
		FE7DA9941BE73C3700D7742B /* PBXContainerItemProxy */ = {
			isa = PBXContainerItemProxy;
			containerPortal = FE7DA96C1BE73C3700D7742B /* Project object */;
			proxyType = 1;
			remoteGlobalIDString = FE7DA9731BE73C3700D7742B;
			remoteInfo = move;
		};
/* End PBXContainerItemProxy section */

/* Begin PBXFileReference section */
		FE7DA9741BE73C3700D7742B /* move.app */ = {isa = PBXFileReference; explicitFileType = wrapper.application; includeInIndex = 0; path = move.app; sourceTree = BUILT_PRODUCTS_DIR; };
		FE7DA9771BE73C3700D7742B /* AppDelegate.swift */ = {isa = PBXFileReference; lastKnownFileType = sourcecode.swift; path = AppDelegate.swift; sourceTree = "<group>"; };
		FE7DA9791BE73C3700D7742B /* ViewController.swift */ = {isa = PBXFileReference; lastKnownFileType = sourcecode.swift; path = ViewController.swift; sourceTree = "<group>"; };
		FE7DA97C1BE73C3700D7742B /* Base */ = {isa = PBXFileReference; lastKnownFileType = file.storyboard; name = Base; path = Base.lproj/Main.storyboard; sourceTree = "<group>"; };
		FE7DA97E1BE73C3700D7742B /* Assets.xcassets */ = {isa = PBXFileReference; lastKnownFileType = folder.assetcatalog; path = Assets.xcassets; sourceTree = "<group>"; };
		FE7DA9811BE73C3700D7742B /* Base */ = {isa = PBXFileReference; lastKnownFileType = file.storyboard; name = Base; path = Base.lproj/LaunchScreen.storyboard; sourceTree = "<group>"; };
		FE7DA9831BE73C3700D7742B /* Info.plist */ = {isa = PBXFileReference; lastKnownFileType = text.plist.xml; path = Info.plist; sourceTree = "<group>"; };
		FE7DA9881BE73C3700D7742B /* moveTests.xctest */ = {isa = PBXFileReference; explicitFileType = wrapper.cfbundle; includeInIndex = 0; path = moveTests.xctest; sourceTree = BUILT_PRODUCTS_DIR; };
		FE7DA98C1BE73C3700D7742B /* moveTests.swift */ = {isa = PBXFileReference; lastKnownFileType = sourcecode.swift; path = moveTests.swift; sourceTree = "<group>"; };
		FE7DA98E1BE73C3700D7742B /* Info.plist */ = {isa = PBXFileReference; lastKnownFileType = text.plist.xml; path = Info.plist; sourceTree = "<group>"; };
		FE7DA9931BE73C3700D7742B /* moveUITests.xctest */ = {isa = PBXFileReference; explicitFileType = wrapper.cfbundle; includeInIndex = 0; path = moveUITests.xctest; sourceTree = BUILT_PRODUCTS_DIR; };
		FE7DA9971BE73C3700D7742B /* moveUITests.swift */ = {isa = PBXFileReference; lastKnownFileType = sourcecode.swift; path = moveUITests.swift; sourceTree = "<group>"; };
		FE7DA9991BE73C3700D7742B /* Info.plist */ = {isa = PBXFileReference; lastKnownFileType = text.plist.xml; path = Info.plist; sourceTree = "<group>"; };
/* End PBXFileReference section */

/* Begin PBXFrameworksBuildPhase section */
		FE7DA9711BE73C3700D7742B /* Frameworks */ = {
			isa = PBXFrameworksBuildPhase;
			buildActionMask = 2147483647;
			files = (
			);
			runOnlyForDeploymentPostprocessing = 0;
		};
		FE7DA9851BE73C3700D7742B /* Frameworks */ = {
			isa = PBXFrameworksBuildPhase;
			buildActionMask = 2147483647;
			files = (
			);
			runOnlyForDeploymentPostprocessing = 0;
		};
		FE7DA9901BE73C3700D7742B /* Frameworks */ = {
			isa = PBXFrameworksBuildPhase;
			buildActionMask = 2147483647;
			files = (
			);
			runOnlyForDeploymentPostprocessing = 0;
		};
/* End PBXFrameworksBuildPhase section */

/* Begin PBXGroup section */
		FE7DA96B1BE73C3700D7742B = {
			isa = PBXGroup;
			children = (
				FE7DA9761BE73C3700D7742B /* move */,
				FE7DA98B1BE73C3700D7742B /* moveTests */,
				FE7DA9961BE73C3700D7742B /* moveUITests */,
				FE7DA9751BE73C3700D7742B /* Products */,
			);
			sourceTree = "<group>";
		};
		FE7DA9751BE73C3700D7742B /* Products */ = {
			isa = PBXGroup;
			children = (
				FE7DA9741BE73C3700D7742B /* move.app */,
				FE7DA9881BE73C3700D7742B /* moveTests.xctest */,
				FE7DA9931BE73C3700D7742B /* moveUITests.xctest */,
			);
			name = Products;
			sourceTree = "<group>";
		};
		FE7DA9761BE73C3700D7742B /* move */ = {
			isa = PBXGroup;
			children = (
				FE7DA9771BE73C3700D7742B /* AppDelegate.swift */,
				FE7DA9791BE73C3700D7742B /* ViewController.swift */,
				FE7DA97B1BE73C3700D7742B /* Main.storyboard */,
				FE7DA97E1BE73C3700D7742B /* Assets.xcassets */,
				FE7DA9801BE73C3700D7742B /* LaunchScreen.storyboard */,
				FE7DA9831BE73C3700D7742B /* Info.plist */,
			);
			path = move;
			sourceTree = "<group>";
		};
		FE7DA98B1BE73C3700D7742B /* moveTests */ = {
			isa = PBXGroup;
			children = (
				FE7DA98C1BE73C3700D7742B /* moveTests.swift */,
				FE7DA98E1BE73C3700D7742B /* Info.plist */,
			);
			path = moveTests;
			sourceTree = "<group>";
		};
		FE7DA9961BE73C3700D7742B /* moveUITests */ = {
			isa = PBXGroup;
			children = (
				FE7DA9971BE73C3700D7742B /* moveUITests.swift */,
				FE7DA9991BE73C3700D7742B /* Info.plist */,
			);
			path = moveUITests;
			sourceTree = "<group>";
		};
/* End PBXGroup section */

/* Begin PBXNativeTarget section */
		FE7DA9731BE73C3700D7742B /* move */ = {
			isa = PBXNativeTarget;
			buildConfigurationList = FE7DA99C1BE73C3700D7742B /* Build configuration list for PBXNativeTarget "move" */;
			buildPhases = (
				FE7DA9701BE73C3700D7742B /* Sources */,
				FE7DA9711BE73C3700D7742B /* Frameworks */,
				FE7DA9721BE73C3700D7742B /* Resources */,
			);
			buildRules = (
			);
			dependencies = (
			);
			name = move;
			productName = move;
			productReference = FE7DA9741BE73C3700D7742B /* move.app */;
			productType = "com.apple.product-type.application";
		};
		FE7DA9871BE73C3700D7742B /* moveTests */ = {
			isa = PBXNativeTarget;
			buildConfigurationList = FE7DA99F1BE73C3700D7742B /* Build configuration list for PBXNativeTarget "moveTests" */;
			buildPhases = (
				FE7DA9841BE73C3700D7742B /* Sources */,
				FE7DA9851BE73C3700D7742B /* Frameworks */,
				FE7DA9861BE73C3700D7742B /* Resources */,
			);
			buildRules = (
			);
			dependencies = (
				FE7DA98A1BE73C3700D7742B /* PBXTargetDependency */,
			);
			name = moveTests;
			productName = moveTests;
			productReference = FE7DA9881BE73C3700D7742B /* moveTests.xctest */;
			productType = "com.apple.product-type.bundle.unit-test";
		};
		FE7DA9921BE73C3700D7742B /* moveUITests */ = {
			isa = PBXNativeTarget;
			buildConfigurationList = FE7DA9A21BE73C3700D7742B /* Build configuration list for PBXNativeTarget "moveUITests" */;
			buildPhases = (
				FE7DA98F1BE73C3700D7742B /* Sources */,
				FE7DA9901BE73C3700D7742B /* Frameworks */,
				FE7DA9911BE73C3700D7742B /* Resources */,
			);
			buildRules = (
			);
			dependencies = (
				FE7DA9951BE73C3700D7742B /* PBXTargetDependency */,
			);
			name = moveUITests;
			productName = moveUITests;
			productReference = FE7DA9931BE73C3700D7742B /* moveUITests.xctest */;
			productType = "com.apple.product-type.bundle.ui-testing";
		};
/* End PBXNativeTarget section */

/* Begin PBXProject section */
		FE7DA96C1BE73C3700D7742B /* Project object */ = {
			isa = PBXProject;
			attributes = {
				LastUpgradeCheck = 0700;
				ORGANIZATIONNAME = "ユーザー";
				TargetAttributes = {
					FE7DA9731BE73C3700D7742B = {
						CreatedOnToolsVersion = 7.0.1;
						DevelopmentTeam = 7WC2U39ER7;
					};
					FE7DA9871BE73C3700D7742B = {
						CreatedOnToolsVersion = 7.0.1;
						DevelopmentTeam = 7WC2U39ER7;
						TestTargetID = FE7DA9731BE73C3700D7742B;
					};
					FE7DA9921BE73C3700D7742B = {
						CreatedOnToolsVersion = 7.0.1;
						DevelopmentTeam = 7WC2U39ER7;
						TestTargetID = FE7DA9731BE73C3700D7742B;
					};
				};
			};
			buildConfigurationList = FE7DA96F1BE73C3700D7742B /* Build configuration list for PBXProject "move" */;
			compatibilityVersion = "Xcode 3.2";
			developmentRegion = English;
			hasScannedForEncodings = 0;
			knownRegions = (
				en,
				Base,
			);
			mainGroup = FE7DA96B1BE73C3700D7742B;
			productRefGroup = FE7DA9751BE73C3700D7742B /* Products */;
			projectDirPath = "";
			projectRoot = "";
			targets = (
				FE7DA9731BE73C3700D7742B /* move */,
				FE7DA9871BE73C3700D7742B /* moveTests */,
				FE7DA9921BE73C3700D7742B /* moveUITests */,
			);
		};
/* End PBXProject section */

/* Begin PBXResourcesBuildPhase section */
		FE7DA9721BE73C3700D7742B /* Resources */ = {
			isa = PBXResourcesBuildPhase;
			buildActionMask = 2147483647;
			files = (
				FE7DA9821BE73C3700D7742B /* LaunchScreen.storyboard in Resources */,
				FE7DA97F1BE73C3700D7742B /* Assets.xcassets in Resources */,
				FE7DA97D1BE73C3700D7742B /* Main.storyboard in Resources */,
			);
			runOnlyForDeploymentPostprocessing = 0;
		};
		FE7DA9861BE73C3700D7742B /* Resources */ = {
			isa = PBXResourcesBuildPhase;
			buildActionMask = 2147483647;
			files = (
			);
			runOnlyForDeploymentPostprocessing = 0;
		};
		FE7DA9911BE73C3700D7742B /* Resources */ = {
			isa = PBXResourcesBuildPhase;
			buildActionMask = 2147483647;
			files = (
			);
			runOnlyForDeploymentPostprocessing = 0;
		};
/* End PBXResourcesBuildPhase section */

/* Begin PBXSourcesBuildPhase section */
		FE7DA9701BE73C3700D7742B /* Sources */ = {
			isa = PBXSourcesBuildPhase;
			buildActionMask = 2147483647;
			files = (
				FE7DA97A1BE73C3700D7742B /* ViewController.swift in Sources */,
				FE7DA9781BE73C3700D7742B /* AppDelegate.swift in Sources */,
			);
			runOnlyForDeploymentPostprocessing = 0;
		};
		FE7DA9841BE73C3700D7742B /* Sources */ = {
			isa = PBXSourcesBuildPhase;
			buildActionMask = 2147483647;
			files = (
				FE7DA98D1BE73C3700D7742B /* moveTests.swift in Sources */,
			);
			runOnlyForDeploymentPostprocessing = 0;
		};
		FE7DA98F1BE73C3700D7742B /* Sources */ = {
			isa = PBXSourcesBuildPhase;
			buildActionMask = 2147483647;
			files = (
				FE7DA9981BE73C3700D7742B /* moveUITests.swift in Sources */,
			);
			runOnlyForDeploymentPostprocessing = 0;
		};
/* End PBXSourcesBuildPhase section */

/* Begin PBXTargetDependency section */
		FE7DA98A1BE73C3700D7742B /* PBXTargetDependency */ = {
			isa = PBXTargetDependency;
			target = FE7DA9731BE73C3700D7742B /* move */;
			targetProxy = FE7DA9891BE73C3700D7742B /* PBXContainerItemProxy */;
		};
		FE7DA9951BE73C3700D7742B /* PBXTargetDependency */ = {
			isa = PBXTargetDependency;
			target = FE7DA9731BE73C3700D7742B /* move */;
			targetProxy = FE7DA9941BE73C3700D7742B /* PBXContainerItemProxy */;
		};
/* End PBXTargetDependency section */

/* Begin PBXVariantGroup section */
		FE7DA97B1BE73C3700D7742B /* Main.storyboard */ = {
			isa = PBXVariantGroup;
			children = (
				FE7DA97C1BE73C3700D7742B /* Base */,
			);
			name = Main.storyboard;
			sourceTree = "<group>";
		};
		FE7DA9801BE73C3700D7742B /* LaunchScreen.storyboard */ = {
			isa = PBXVariantGroup;
			children = (
				FE7DA9811BE73C3700D7742B /* Base */,
			);
			name = LaunchScreen.storyboard;
			sourceTree = "<group>";
		};
/* End PBXVariantGroup section */

/* Begin XCBuildConfiguration section */
		FE7DA99A1BE73C3700D7742B /* Debug */ = {
			isa = XCBuildConfiguration;
			buildSettings = {
				ALWAYS_SEARCH_USER_PATHS = NO;
				CLANG_CXX_LANGUAGE_STANDARD = "gnu++0x";
				CLANG_CXX_LIBRARY = "libc++";
				CLANG_ENABLE_MODULES = YES;
				CLANG_ENABLE_OBJC_ARC = YES;
				CLANG_WARN_BOOL_CONVERSION = YES;
				CLANG_WARN_CONSTANT_CONVERSION = YES;
				CLANG_WARN_DIRECT_OBJC_ISA_USAGE = YES_ERROR;
				CLANG_WARN_EMPTY_BODY = YES;
				CLANG_WARN_ENUM_CONVERSION = YES;
				CLANG_WARN_INT_CONVERSION = YES;
				CLANG_WARN_OBJC_ROOT_CLASS = YES_ERROR;
				CLANG_WARN_UNREACHABLE_CODE = YES;
				CLANG_WARN__DUPLICATE_METHOD_MATCH = YES;
				"CODE_SIGN_IDENTITY[sdk=iphoneos*]" = "iPhone Developer";
				COPY_PHASE_STRIP = NO;
				DEBUG_INFORMATION_FORMAT = dwarf;
				ENABLE_STRICT_OBJC_MSGSEND = YES;
				ENABLE_TESTABILITY = YES;
				GCC_C_LANGUAGE_STANDARD = gnu99;
				GCC_DYNAMIC_NO_PIC = NO;
				GCC_NO_COMMON_BLOCKS = YES;
				GCC_OPTIMIZATION_LEVEL = 0;
				GCC_PREPROCESSOR_DEFINITIONS = (
					"DEBUG=1",
					"$(inherited)",
				);
				GCC_WARN_64_TO_32_BIT_CONVERSION = YES;
				GCC_WARN_ABOUT_RETURN_TYPE = YES_ERROR;
				GCC_WARN_UNDECLARED_SELECTOR = YES;
				GCC_WARN_UNINITIALIZED_AUTOS = YES_AGGRESSIVE;
				GCC_WARN_UNUSED_FUNCTION = YES;
				GCC_WARN_UNUSED_VARIABLE = YES;
				IPHONEOS_DEPLOYMENT_TARGET = 9.0;
				MTL_ENABLE_DEBUG_INFO = YES;
				ONLY_ACTIVE_ARCH = YES;
				SDKROOT = iphoneos;
				SWIFT_OPTIMIZATION_LEVEL = "-Onone";
			};
			name = Debug;
		};
		FE7DA99B1BE73C3700D7742B /* Release */ = {
			isa = XCBuildConfiguration;
			buildSettings = {
				ALWAYS_SEARCH_USER_PATHS = NO;
				CLANG_CXX_LANGUAGE_STANDARD = "gnu++0x";
				CLANG_CXX_LIBRARY = "libc++";
				CLANG_ENABLE_MODULES = YES;
				CLANG_ENABLE_OBJC_ARC = YES;
				CLANG_WARN_BOOL_CONVERSION = YES;
				CLANG_WARN_CONSTANT_CONVERSION = YES;
				CLANG_WARN_DIRECT_OBJC_ISA_USAGE = YES_ERROR;
				CLANG_WARN_EMPTY_BODY = YES;
				CLANG_WARN_ENUM_CONVERSION = YES;
				CLANG_WARN_INT_CONVERSION = YES;
				CLANG_WARN_OBJC_ROOT_CLASS = YES_ERROR;
				CLANG_WARN_UNREACHABLE_CODE = YES;
				CLANG_WARN__DUPLICATE_METHOD_MATCH = YES;
				"CODE_SIGN_IDENTITY[sdk=iphoneos*]" = "iPhone Developer";
				COPY_PHASE_STRIP = NO;
				DEBUG_INFORMATION_FORMAT = "dwarf-with-dsym";
				ENABLE_NS_ASSERTIONS = NO;
				ENABLE_STRICT_OBJC_MSGSEND = YES;
				GCC_C_LANGUAGE_STANDARD = gnu99;
				GCC_NO_COMMON_BLOCKS = YES;
				GCC_WARN_64_TO_32_BIT_CONVERSION = YES;
				GCC_WARN_ABOUT_RETURN_TYPE = YES_ERROR;
				GCC_WARN_UNDECLARED_SELECTOR = YES;
				GCC_WARN_UNINITIALIZED_AUTOS = YES_AGGRESSIVE;
				GCC_WARN_UNUSED_FUNCTION = YES;
				GCC_WARN_UNUSED_VARIABLE = YES;
				IPHONEOS_DEPLOYMENT_TARGET = 9.0;
				MTL_ENABLE_DEBUG_INFO = NO;
				SDKROOT = iphoneos;
				VALIDATE_PRODUCT = YES;
			};
			name = Release;
		};
		FE7DA99D1BE73C3700D7742B /* Debug */ = {
			isa = XCBuildConfiguration;
			buildSettings = {
				ASSETCATALOG_COMPILER_APPICON_NAME = AppIcon;
				INFOPLIST_FILE = move/Info.plist;
				LD_RUNPATH_SEARCH_PATHS = "$(inherited) @executable_path/Frameworks";
				PRODUCT_BUNDLE_IDENTIFIER = myrobort.move;
				PRODUCT_NAME = "$(TARGET_NAME)";
			};
			name = Debug;
		};
		FE7DA99E1BE73C3700D7742B /* Release */ = {
			isa = XCBuildConfiguration;
			buildSettings = {
				ASSETCATALOG_COMPILER_APPICON_NAME = AppIcon;
				INFOPLIST_FILE = move/Info.plist;
				LD_RUNPATH_SEARCH_PATHS = "$(inherited) @executable_path/Frameworks";
				PRODUCT_BUNDLE_IDENTIFIER = myrobort.move;
				PRODUCT_NAME = "$(TARGET_NAME)";
			};
			name = Release;
		};
		FE7DA9A01BE73C3700D7742B /* Debug */ = {
			isa = XCBuildConfiguration;
			buildSettings = {
				BUNDLE_LOADER = "$(TEST_HOST)";
				INFOPLIST_FILE = moveTests/Info.plist;
				LD_RUNPATH_SEARCH_PATHS = "$(inherited) @executable_path/Frameworks @loader_path/Frameworks";
				PRODUCT_BUNDLE_IDENTIFIER = myrobort.moveTests;
				PRODUCT_NAME = "$(TARGET_NAME)";
				TEST_HOST = "$(BUILT_PRODUCTS_DIR)/move.app/move";
			};
			name = Debug;
		};
		FE7DA9A11BE73C3700D7742B /* Release */ = {
			isa = XCBuildConfiguration;
			buildSettings = {
				BUNDLE_LOADER = "$(TEST_HOST)";
				INFOPLIST_FILE = moveTests/Info.plist;
				LD_RUNPATH_SEARCH_PATHS = "$(inherited) @executable_path/Frameworks @loader_path/Frameworks";
				PRODUCT_BUNDLE_IDENTIFIER = myrobort.moveTests;
				PRODUCT_NAME = "$(TARGET_NAME)";
				TEST_HOST = "$(BUILT_PRODUCTS_DIR)/move.app/move";
			};
			name = Release;
		};
		FE7DA9A31BE73C3700D7742B /* Debug */ = {
			isa = XCBuildConfiguration;
			buildSettings = {
				INFOPLIST_FILE = moveUITests/Info.plist;
				LD_RUNPATH_SEARCH_PATHS = "$(inherited) @executable_path/Frameworks @loader_path/Frameworks";
				PRODUCT_BUNDLE_IDENTIFIER = myrobort.moveUITests;
				PRODUCT_NAME = "$(TARGET_NAME)";
				TEST_TARGET_NAME = move;
				USES_XCTRUNNER = YES;
			};
			name = Debug;
		};
		FE7DA9A41BE73C3700D7742B /* Release */ = {
			isa = XCBuildConfiguration;
			buildSettings = {
				INFOPLIST_FILE = moveUITests/Info.plist;
				LD_RUNPATH_SEARCH_PATHS = "$(inherited) @executable_path/Frameworks @loader_path/Frameworks";
				PRODUCT_BUNDLE_IDENTIFIER = myrobort.moveUITests;
				PRODUCT_NAME = "$(TARGET_NAME)";
				TEST_TARGET_NAME = move;
				USES_XCTRUNNER = YES;
			};
			name = Release;
		};
/* End XCBuildConfiguration section */

/* Begin XCConfigurationList section */
		FE7DA96F1BE73C3700D7742B /* Build configuration list for PBXProject "move" */ = {
			isa = XCConfigurationList;
			buildConfigurations = (
				FE7DA99A1BE73C3700D7742B /* Debug */,
				FE7DA99B1BE73C3700D7742B /* Release */,
			);
			defaultConfigurationIsVisible = 0;
			defaultConfigurationName = Release;
		};
		FE7DA99C1BE73C3700D7742B /* Build configuration list for PBXNativeTarget "move" */ = {
			isa = XCConfigurationList;
			buildConfigurations = (
				FE7DA99D1BE73C3700D7742B /* Debug */,
				FE7DA99E1BE73C3700D7742B /* Release */,
			);
			defaultConfigurationIsVisible = 0;
		};
		FE7DA99F1BE73C3700D7742B /* Build configuration list for PBXNativeTarget "moveTests" */ = {
			isa = XCConfigurationList;
			buildConfigurations = (
				FE7DA9A01BE73C3700D7742B /* Debug */,
				FE7DA9A11BE73C3700D7742B /* Release */,
			);
			defaultConfigurationIsVisible = 0;
		};
		FE7DA9A21BE73C3700D7742B /* Build configuration list for PBXNativeTarget "moveUITests" */ = {
			isa = XCConfigurationList;
			buildConfigurations = (
				FE7DA9A31BE73C3700D7742B /* Debug */,
				FE7DA9A41BE73C3700D7742B /* Release */,
			);
			defaultConfigurationIsVisible = 0;
		};
/* End XCConfigurationList section */
	};
	rootObject = FE7DA96C1BE73C3700D7742B /* Project object */;
}
